
Microsoft Visual Studio Solution File, Format Version 12.00
# Visual Studio Version 17
VisualStudioVersion = 17.6.33723.286
MinimumVisualStudioVersion = 10.0.40219.1
Project("{FAE04EC0-301F-11D3-BF4B-00C04F79EFBC}") = "cSharp_BankSystem_REST_API", "cSharp_BankSystem_REST_API.csproj", "{3B7C82ED-2A95-437F-BB0F-0A12B11DB18E}"
EndProject
Global
	GlobalSection(SolutionConfigurationPlatforms) = preSolution
		Debug|Any CPU = Debug|Any CPU
		Release|Any CPU = Release|Any CPU
	EndGlobalSection
	GlobalSection(ProjectConfigurationPlatforms) = postSolution
		{3B7C82ED-2A95-437F-BB0F-0A12B11DB18E}.Debug|Any CPU.ActiveCfg = Debug|Any CPU
		{3B7C82ED-2A95-437F-BB0F-0A12B11DB18E}.Debug|Any CPU.Build.0 = Debug|Any CPU
		{3B7C82ED-2A95-437F-BB0F-0A12B11DB18E}.Release|Any CPU.ActiveCfg = Release|Any CPU
		{3B7C82ED-2A95-437F-BB0F-0A12B11DB18E}.Release|Any CPU.Build.0 = Release|Any CPU
	EndGlobalSection
	GlobalSection(SolutionProperties) = preSolution
		HideSolutionNode = FALSE
	EndGlobalSection
	GlobalSection(ExtensibilityGlobals) = postSolution
		SolutionGuid = {A5CA8041-9B01-4592-B9AC-C8B42FD82401}
	EndGlobalSection
EndGlobal
